
Microsoft Visual Studio Solution File, Format Version 12.00
# Visual Studio Version 17
VisualStudioVersion = 17.4.33103.184
MinimumVisualStudioVersion = 10.0.40219.1
Project("{FAE04EC0-301F-11D3-BF4B-00C04F79EFBC}") = "找sig", "找sig\找sig.csproj", "{615D53FE-1262-4A13-B220-38C83FADFBDB}"
EndProject
Global
	GlobalSection(SolutionConfigurationPlatforms) = preSolution
		Debug|Any CPU = Debug|Any CPU
		Release|Any CPU = Release|Any CPU
	EndGlobalSection
	GlobalSection(ProjectConfigurationPlatforms) = postSolution
		{615D53FE-1262-4A13-B220-38C83FADFBDB}.Debug|Any CPU.ActiveCfg = Debug|Any CPU
		{615D53FE-1262-4A13-B220-38C83FADFBDB}.Debug|Any CPU.Build.0 = Debug|Any CPU
		{615D53FE-1262-4A13-B220-38C83FADFBDB}.Release|Any CPU.ActiveCfg = Release|Any CPU
		{615D53FE-1262-4A13-B220-38C83FADFBDB}.Release|Any CPU.Build.0 = Release|Any CPU
	EndGlobalSection
	GlobalSection(SolutionProperties) = preSolution
		HideSolutionNode = FALSE
	EndGlobalSection
	GlobalSection(ExtensibilityGlobals) = postSolution
		SolutionGuid = {2271E1B3-44E7-4833-A99A-7B63FB9C90E1}
	EndGlobalSection
EndGlobal
